
Microsoft Visual Studio Solution File, Format Version 12.00
# Visual Studio Version 16
VisualStudioVersion = 16.0.29905.134
MinimumVisualStudioVersion = 10.0.40219.1
Project("{FAE04EC0-301F-11D3-BF4B-00C04F79EFBC}") = "AttributeRouteSample", "AttributeRouteSample\AttributeRouteSample.csproj", "{FA030860-BE21-4972-818D-697D5674656D}"
EndProject
Global
	GlobalSection(SolutionConfigurationPlatforms) = preSolution
		Debug|Any CPU = Debug|Any CPU
		Release|Any CPU = Release|Any CPU
	EndGlobalSection
	GlobalSection(ProjectConfigurationPlatforms) = postSolution
		{FA030860-BE21-4972-818D-697D5674656D}.Debug|Any CPU.ActiveCfg = Debug|Any CPU
		{FA030860-BE21-4972-818D-697D5674656D}.Debug|Any CPU.Build.0 = Debug|Any CPU
		{FA030860-BE21-4972-818D-697D5674656D}.Release|Any CPU.ActiveCfg = Release|Any CPU
		{FA030860-BE21-4972-818D-697D5674656D}.Release|Any CPU.Build.0 = Release|Any CPU
	EndGlobalSection
	GlobalSection(SolutionProperties) = preSolution
		HideSolutionNode = FALSE
	EndGlobalSection
	GlobalSection(ExtensibilityGlobals) = postSolution
		SolutionGuid = {495C8342-A5E3-4256-A0C9-2C6B3F839084}
	EndGlobalSection
EndGlobal
